
Microsoft Visual Studio Solution File, Format Version 12.00
# Visual Studio 16
Project("{FAE04EC0-301F-11D3-BF4B-00C04F79EFBC}") = "Assembly-CSharp", "Assembly-CSharp.csproj", "{5A4BB6C7-A9BE-08B6-A0BB-3075DE5EC2B6}"
EndProject
Project("{FAE04EC0-301F-11D3-BF4B-00C04F79EFBC}") = "Assembly-CSharp-Editor", "Assembly-CSharp-Editor.csproj", "{7B717E24-B93F-11FC-6F69-7F02D014B7ED}"
EndProject
Global
	GlobalSection(SolutionConfigurationPlatforms) = preSolution
		Debug|Any CPU = Debug|Any CPU
		Release|Any CPU = Release|Any CPU
	EndGlobalSection
	GlobalSection(ProjectConfigurationPlatforms) = postSolution
		{5A4BB6C7-A9BE-08B6-A0BB-3075DE5EC2B6}.Debug|Any CPU.ActiveCfg = Debug|Any CPU
		{5A4BB6C7-A9BE-08B6-A0BB-3075DE5EC2B6}.Debug|Any CPU.Build.0 = Debug|Any CPU
		{5A4BB6C7-A9BE-08B6-A0BB-3075DE5EC2B6}.Release|Any CPU.ActiveCfg = Release|Any CPU
		{5A4BB6C7-A9BE-08B6-A0BB-3075DE5EC2B6}.Release|Any CPU.Build.0 = Release|Any CPU
		{7B717E24-B93F-11FC-6F69-7F02D014B7ED}.Debug|Any CPU.ActiveCfg = Debug|Any CPU
		{7B717E24-B93F-11FC-6F69-7F02D014B7ED}.Debug|Any CPU.Build.0 = Debug|Any CPU
		{7B717E24-B93F-11FC-6F69-7F02D014B7ED}.Release|Any CPU.ActiveCfg = Release|Any CPU
		{7B717E24-B93F-11FC-6F69-7F02D014B7ED}.Release|Any CPU.Build.0 = Release|Any CPU
	EndGlobalSection
	GlobalSection(SolutionProperties) = preSolution
		HideSolutionNode = FALSE
	EndGlobalSection
EndGlobal
