
Microsoft Visual Studio Solution File, Format Version 12.00
# Visual Studio Version 16
VisualStudioVersion = 16.0.29519.87
MinimumVisualStudioVersion = 10.0.40219.1
Project("{FAE04EC0-301F-11D3-BF4B-00C04F79EFBC}") = "toswikicrawler", "toswikicrawler\toswikicrawler.csproj", "{5C329A4F-2EE5-46E3-A5EB-ADFCA3C24D99}"
EndProject
Global
	GlobalSection(SolutionConfigurationPlatforms) = preSolution
		Debug|Any CPU = Debug|Any CPU
		Release|Any CPU = Release|Any CPU
	EndGlobalSection
	GlobalSection(ProjectConfigurationPlatforms) = postSolution
		{5C329A4F-2EE5-46E3-A5EB-ADFCA3C24D99}.Debug|Any CPU.ActiveCfg = Debug|Any CPU
		{5C329A4F-2EE5-46E3-A5EB-ADFCA3C24D99}.Debug|Any CPU.Build.0 = Debug|Any CPU
		{5C329A4F-2EE5-46E3-A5EB-ADFCA3C24D99}.Release|Any CPU.ActiveCfg = Release|Any CPU
		{5C329A4F-2EE5-46E3-A5EB-ADFCA3C24D99}.Release|Any CPU.Build.0 = Release|Any CPU
	EndGlobalSection
	GlobalSection(SolutionProperties) = preSolution
		HideSolutionNode = FALSE
	EndGlobalSection
	GlobalSection(ExtensibilityGlobals) = postSolution
		SolutionGuid = {B090FA8E-8A6A-44C6-8F08-5CEE32194FC5}
	EndGlobalSection
EndGlobal
